version: 1
checksums:
  4188a166aad2705b4f09401f924502ed:
    greeting: e5c4880fef990edc98e20db92aff718d
  63f4c97e43b1d06779a7f553869f769a:
    greeting: e5c4880fef990edc98e20db92aff718d
    appTitle: 51b2ff1a5de169daab2f025f4c9804fb
    tagline: 236325556280dd7e35e8d0a050d9387d
    viewAlerts: 1571acb38fc0cc88629df99aaf92e686
    nearbyAlerts: 14696d0aa848bff22d9df121e267d31b
    safetySteps: 0ac658acf56bcd177a4891e94eb13571
    severity: a97b76f683d8a2732ecc75f2892dac71
    location: 036cbdfe32bbe9ad67b5d06ef6a02a16
    time: b504a03d52e8001bfdc5cb6205364f42
    selectLanguage: d75cf5fbce8a4c7a9055e2210af74480
    settings: 8df6777277469c1fd88cc18dde2f1cc3
    loading: 82b4ea7ed1439094d7c4be13aaba9a66
    noAlerts: cdca3fa57392bbed17ec9679fb675454
    critical: eb327cd411b50aee954f8d1d215d003a
    high: dabe777f3b670e9407e46c186197d188
    medium: 43983f2178fb28aacaef6c5f41282c4a
    low: 97359f18d6648e0980854c5e68bb0969
    home: 104a3db3b671c04e167eafbe21e57881
    alerts: 1e7f74a4a9404806ffabb29d5379a4d8
    crowdSafety: 724f00b1dcea28ebdaa43805cd042ae0
    explain: 3a48ee8a0b34f8854ae225ac3f8a57dd
    pasteAlert: 84df6eb78d37c5c3ad9821735566443c
    simplify: 784c43b94781a06ef0698a144b8ae5d6
    simplified: 8853f166445f20b366a590a5b1396bde
    distance: da21c7ef349134d25a6a46d3dd48b10f
    magnitude: 04af92531cca68810a5d84b08d8d895e
    region: da6cd6b46344aad56101dafb050796ca
    getAlerts: 1d5f030c4ec9c869e647ae060518b948
    heroTitle: 6c31f3e538607dca69735aa05abb2662
    heroSubtitle: 7dbb6f8e9459504ce4cd512ece58afbb
    viewAlertsTitle: 1571acb38fc0cc88629df99aaf92e686
    realTimeDisasters: 241aaf7f5174fd1d8fa1af8ba97855b6
    disasterType: 263417893f150739c21d95b674ca1477
    allTypes: 32b4b35f93cc4c04ba5a5d2192340a99
    allSeverities: 2891a3d79d33b901fb17e1bdf9a29cf4
    foundNearbyAlerts: 465bad8277e1a99e4c7e299d8d0d95f7
    locationRequired: dfcd5a6c616e98def7c377ea99d9f663
    failedFetchAlerts: 8912f33b21c54cccc63451d4a971e9b8
    failedFetchNearby: 2bc89b4fa28c87eb813aa4b4fcfee6ac
    explainAlertTitle: 3a48ee8a0b34f8854ae225ac3f8a57dd
    explainAlertDesc: 928680bbf193764a5d35c10dbabe44b9
    enterAlertText: 034b8db015dcd15bc48927a0826d8f3e
    alertPlaceholder: 5a76bfa9787ca9ef51b534f97399e8a9
    processing: 4d21e725093ba79328dcedc0f092ab3f
    simplifiedAlert: 7649c1f4b5e655098d2810e5715b7afe
    alertSimplified: 822758798ff86da1227da0a362dcb69f
    failedSimplify: 2813397d81c5cf7661c90fbbbf0f39de
    settingsTitle: 8df6777277469c1fd88cc18dde2f1cc3
    customizeExperience: bc5dd1aef4667612333a423c24fb29f5
    languagePreferences: 44bab38d4d8f709efb1d70915d37026f
    chooseLanguage: 00177845498c95cba0836f4c28c16d3b
    locationServices: 629ff2ba0f94f5c2e8b13bb66b0cd55d
    locationAccess: 36af5c8f45ba7457fb5293ff2ae54039
    enableLocation: 3a4836228b7dbe044baf8c5ac357be73
    notificationPrefs: d530d68bff011161294d6e84799164c8
    pushNotifications: a43f32d87fa62246d310ec259d22280c
    featureComingSoon: 49574c3b5eaefec55df737dafcfff55c
    about: 944521eeeed2511833d2299931273c71
    version: 501b826ddd956aae42ef8e3f6865e4a6
    dataSources: 0ec3c3f04d611cab13fa1703f6785652
    aiProvider: 1e13efe72eabf1a7a75f3fb6bd1bd495
    supportedLanguages: 5ad86b96f59185ad6a2a4e19417cbf36
    backToAlerts: 7a1b504b2e9fe7d7544a03c032a69952
    alertNotFound: 56df9da28e84367bfb2d823d318ef558
    whyReadyIndia: a94d5657d9804e85ac2e2c4fd335ad3b
    realTimeAlerts: 5bdadcc8807b00c43ff8567c6c04a222
    aiSimplified: 0b40c417e38b695a7eba9dea39be4cba
    multilingual: b124f00ccc2efb4d7ebe8c7115706fd7
    safetyFirst: deba044c1043f430ee11b8f0a08a23b6
    instantNotifications: d7da3e9995e43daa79c04fc3ba17d6a7
    complexTranslated: d8da0ac9eee39516929be2d6583083b5
    availableLanguages: 89b12908045382e51a7b71698094dfb1
    steppByStepInstructions: c97c464eea36a8870fc5a91350a8e20e
    stayInformed: 1de552dfe723ea3bbdd7183ce41cc082
    joinThousands: a258987876a39604e2e60fc20851625c
    explainAnAlert: 32fba453871e2b0be6aede3f4392b262
    crowdSafetyMonitor: 345f6cd2b445f683fae2eb6fd797f8a0
    crowdMonitorDesc: 5ac780c3aa00dcb056a402fa2aed5fa1
    yourLocation: 981fc8e404b426aa6eeff4410b301354
    enableLocationDesc: 1b69695674b59d21e938869d0d5fc6ed
    gettingLocation: 1b08fc61880e81a01413eb680eebe9f7
    enableLocationAccess: 3a4836228b7dbe044baf8c5ac357be73
    locationEnabled: 95519f51fcb022b1db1cef764d31b51a
    emergencyAlerts: f0cd267b6afec654af253fc42f028e0f
    nearbyCrowdAlerts: a8e50911f3f24788f9b449ff3b206c04
    away: b1907e846e3189ac944186cf43654ac4
    noAlertsInArea: 73d357f8cb15dc600bcdab93f9922beb
    locationDenied: 6ebdf2631cbcc2b24630b39aa2f3657c
    tryAgain: d65fad81c5f8f90405b26bf6e5d70ab9
    crowdDensityMap: 5a93150eec37250a561229efafb2f055
    liveViewDesc: c9875d66f82ae4bf6f3a7ccf8b7d8da7
    monitoredLocations: 4f5baf2e36527e70d9f99141bf2c6bc9
    refresh: c0aec3f31be4c984bae9a482572d2857
    currentCount: 6a817dd0632e9f0f48bff5880b0e87ac
    capacity: 79f8374621696bc3a08d78ccd52df037
    updated: 8aa8ff2dc2977ca4b269e80a513100b4
    noLocationsAvailable: 50de31dc7ee7980886e32fe113172817
    people: bed732e6fbdd21b721faa2807af43df1
    crowdDensity: 2d63d82778511fef1386daa5f9fc4232
    geolocationNotSupported: f143adf2bc2a9d0f94df21b600c16ef6
    unableToGetLocation: 55e717c40b0963715268b5e3cb12633b
    criticalAlertsNear: b0087f092b1264d9c3b1deee7645b1da
    emergencyAlertsNear: da996aabb3bd689d25cf0a8b43deb60f
    failedCheckAlerts: 7ef89038e5f80abeafadc4be33760511
    failedLoadLocations: 7ea7562a3d3b01d64a209eaaeffd033f
